// !$*UTF8*$!
{
	archiveVersion = 1;
	classes = {
	};
	objectVersion = 55;
	objects = {

/* Begin PBXBuildFile section */
		AD66DB2D2C28CC6C000409A1 /* MainView.swift in Sources */ = {isa = PBXBuildFile; fileRef = AD66DB2C2C28CC6C000409A1 /* MainView.swift */; };
		AD66DB2F2C29BE89000409A1 /* MenuView.swift in Sources */ = {isa = PBXBuildFile; fileRef = AD66DB2E2C29BE89000409A1 /* MenuView.swift */; };
		AD66DB322C29C65B000409A1 /* MainIMCView.swift in Sources */ = {isa = PBXBuildFile; fileRef = AD66DB312C29C65B000409A1 /* MainIMCView.swift */; };
		AD8F5EFF2C420E480081202B /* SuperheroSearcher.swift in Sources */ = {isa = PBXBuildFile; fileRef = AD8F5EFE2C420E480081202B /* SuperheroSearcher.swift */; };
		AD8F5F012C421A6E0081202B /* ApiNetwork.swift in Sources */ = {isa = PBXBuildFile; fileRef = AD8F5F002C421A6E0081202B /* ApiNetwork.swift */; };
		AD8F5F042C42291D0081202B /* SDWebImageSwiftUI in Frameworks */ = {isa = PBXBuildFile; productRef = AD8F5F032C42291D0081202B /* SDWebImageSwiftUI */; };
		AD9116132C28B9400065A1BF /* CursoiOSApp.swift in Sources */ = {isa = PBXBuildFile; fileRef = AD9116122C28B9400065A1BF /* CursoiOSApp.swift */; };
		AD9116152C28B9400065A1BF /* Exercise1.swift in Sources */ = {isa = PBXBuildFile; fileRef = AD9116142C28B9400065A1BF /* Exercise1.swift */; };
		AD9116172C28B9430065A1BF /* Assets.xcassets in Resources */ = {isa = PBXBuildFile; fileRef = AD9116162C28B9430065A1BF /* Assets.xcassets */; };
		AD91161A2C28B9430065A1BF /* Preview Assets.xcassets in Resources */ = {isa = PBXBuildFile; fileRef = AD9116192C28B9430065A1BF /* Preview Assets.xcassets */; };
		AD9FECB62C3B393000BCB43D /* listExample.swift in Sources */ = {isa = PBXBuildFile; fileRef = AD9FECB52C3B393000BCB43D /* listExample.swift */; };
		ADE367942C31058F00445C69 /* ResultIMCView.swift in Sources */ = {isa = PBXBuildFile; fileRef = ADE367932C31058F00445C69 /* ResultIMCView.swift */; };
/* End PBXBuildFile section */

/* Begin PBXFileReference section */
		AD66DB2C2C28CC6C000409A1 /* MainView.swift */ = {isa = PBXFileReference; lastKnownFileType = sourcecode.swift; path = MainView.swift; sourceTree = "<group>"; };
		AD66DB2E2C29BE89000409A1 /* MenuView.swift */ = {isa = PBXFileReference; lastKnownFileType = sourcecode.swift; path = MenuView.swift; sourceTree = "<group>"; };
		AD66DB312C29C65B000409A1 /* MainIMCView.swift */ = {isa = PBXFileReference; lastKnownFileType = sourcecode.swift; path = MainIMCView.swift; sourceTree = "<group>"; };
		AD8F5EFE2C420E480081202B /* SuperheroSearcher.swift */ = {isa = PBXFileReference; lastKnownFileType = sourcecode.swift; path = SuperheroSearcher.swift; sourceTree = "<group>"; };
		AD8F5F002C421A6E0081202B /* ApiNetwork.swift */ = {isa = PBXFileReference; lastKnownFileType = sourcecode.swift; path = ApiNetwork.swift; sourceTree = "<group>"; };
		AD91160F2C28B9400065A1BF /* CursoiOS.app */ = {isa = PBXFileReference; explicitFileType = wrapper.application; includeInIndex = 0; path = CursoiOS.app; sourceTree = BUILT_PRODUCTS_DIR; };
		AD9116122C28B9400065A1BF /* CursoiOSApp.swift */ = {isa = PBXFileReference; lastKnownFileType = sourcecode.swift; path = CursoiOSApp.swift; sourceTree = "<group>"; };
		AD9116142C28B9400065A1BF /* Exercise1.swift */ = {isa = PBXFileReference; lastKnownFileType = sourcecode.swift; path = Exercise1.swift; sourceTree = "<group>"; };
		AD9116162C28B9430065A1BF /* Assets.xcassets */ = {isa = PBXFileReference; lastKnownFileType = folder.assetcatalog; path = Assets.xcassets; sourceTree = "<group>"; };
		AD9116192C28B9430065A1BF /* Preview Assets.xcassets */ = {isa = PBXFileReference; lastKnownFileType = folder.assetcatalog; path = "Preview Assets.xcassets"; sourceTree = "<group>"; };
		AD9FECB52C3B393000BCB43D /* listExample.swift */ = {isa = PBXFileReference; lastKnownFileType = sourcecode.swift; name = listExample.swift; path = CursoiOS/Components/listExample.swift; sourceTree = SOURCE_ROOT; };
		ADE367932C31058F00445C69 /* ResultIMCView.swift */ = {isa = PBXFileReference; lastKnownFileType = sourcecode.swift; path = ResultIMCView.swift; sourceTree = "<group>"; };
/* End PBXFileReference section */

/* Begin PBXFrameworksBuildPhase section */
		AD91160C2C28B9400065A1BF /* Frameworks */ = {
			isa = PBXFrameworksBuildPhase;
			buildActionMask = 2147483647;
			files = (
				AD8F5F042C42291D0081202B /* SDWebImageSwiftUI in Frameworks */,
			);
			runOnlyForDeploymentPostprocessing = 0;
		};
/* End PBXFrameworksBuildPhase section */

/* Begin PBXGroup section */
		AD66DB2A2C28CC1E000409A1 /* Exercises */ = {
			isa = PBXGroup;
			children = (
				AD9116142C28B9400065A1BF /* Exercise1.swift */,
			);
			path = Exercises;
			sourceTree = "<group>";
		};
		AD66DB302C29C5A5000409A1 /* IMC */ = {
			isa = PBXGroup;
			children = (
				AD66DB312C29C65B000409A1 /* MainIMCView.swift */,
				ADE367932C31058F00445C69 /* ResultIMCView.swift */,
			);
			path = IMC;
			sourceTree = "<group>";
		};
		AD8F5EFD2C420E0E0081202B /* Superhero */ = {
			isa = PBXGroup;
			children = (
				AD8F5EFE2C420E480081202B /* SuperheroSearcher.swift */,
				AD8F5F002C421A6E0081202B /* ApiNetwork.swift */,
			);
			path = Superhero;
			sourceTree = "<group>";
		};
		AD9116062C28B9400065A1BF = {
			isa = PBXGroup;
			children = (
				AD9116112C28B9400065A1BF /* CursoiOS */,
				AD9116102C28B9400065A1BF /* Products */,
			);
			sourceTree = "<group>";
		};
		AD9116102C28B9400065A1BF /* Products */ = {
			isa = PBXGroup;
			children = (
				AD91160F2C28B9400065A1BF /* CursoiOS.app */,
			);
			name = Products;
			sourceTree = "<group>";
		};
		AD9116112C28B9400065A1BF /* CursoiOS */ = {
			isa = PBXGroup;
			children = (
				AD8F5EFD2C420E0E0081202B /* Superhero */,
				ADD2007E2C3B691D00B93D1B /* Components */,
				AD66DB302C29C5A5000409A1 /* IMC */,
				AD66DB2A2C28CC1E000409A1 /* Exercises */,
				AD9116122C28B9400065A1BF /* CursoiOSApp.swift */,
				AD66DB2C2C28CC6C000409A1 /* MainView.swift */,
				AD66DB2E2C29BE89000409A1 /* MenuView.swift */,
				AD9116162C28B9430065A1BF /* Assets.xcassets */,
				AD9116182C28B9430065A1BF /* Preview Content */,
			);
			path = CursoiOS;
			sourceTree = "<group>";
		};
		AD9116182C28B9430065A1BF /* Preview Content */ = {
			isa = PBXGroup;
			children = (
				AD9116192C28B9430065A1BF /* Preview Assets.xcassets */,
			);
			path = "Preview Content";
			sourceTree = "<group>";
		};
		ADD2007E2C3B691D00B93D1B /* Components */ = {
			isa = PBXGroup;
			children = (
				AD9FECB52C3B393000BCB43D /* listExample.swift */,
			);
			path = Components;
			sourceTree = "<group>";
		};
/* End PBXGroup section */

/* Begin PBXNativeTarget section */
		AD91160E2C28B9400065A1BF /* CursoiOS */ = {
			isa = PBXNativeTarget;
			buildConfigurationList = AD91161D2C28B9430065A1BF /* Build configuration list for PBXNativeTarget "CursoiOS" */;
			buildPhases = (
				AD91160B2C28B9400065A1BF /* Sources */,
				AD91160C2C28B9400065A1BF /* Frameworks */,
				AD91160D2C28B9400065A1BF /* Resources */,
			);
			buildRules = (
			);
			dependencies = (
			);
			name = CursoiOS;
			packageProductDependencies = (
				AD8F5F032C42291D0081202B /* SDWebImageSwiftUI */,
			);
			productName = CursoiOS;
			productReference = AD91160F2C28B9400065A1BF /* CursoiOS.app */;
			productType = "com.apple.product-type.application";
		};
/* End PBXNativeTarget section */

/* Begin PBXProject section */
		AD9116072C28B9400065A1BF /* Project object */ = {
			isa = PBXProject;
			attributes = {
				BuildIndependentTargetsInParallel = 1;
				LastSwiftUpdateCheck = 1320;
				LastUpgradeCheck = 1540;
				TargetAttributes = {
					AD91160E2C28B9400065A1BF = {
						CreatedOnToolsVersion = 13.2.1;
					};
				};
			};
			buildConfigurationList = AD91160A2C28B9400065A1BF /* Build configuration list for PBXProject "CursoiOS" */;
			compatibilityVersion = "Xcode 13.0";
			developmentRegion = en;
			hasScannedForEncodings = 0;
			knownRegions = (
				en,
				Base,
			);
			mainGroup = AD9116062C28B9400065A1BF;
			packageReferences = (
				AD8F5F022C42291D0081202B /* XCRemoteSwiftPackageReference "SDWebImageSwiftUI" */,
			);
			productRefGroup = AD9116102C28B9400065A1BF /* Products */;
			projectDirPath = "";
			projectRoot = "";
			targets = (
				AD91160E2C28B9400065A1BF /* CursoiOS */,
			);
		};
/* End PBXProject section */

/* Begin PBXResourcesBuildPhase section */
		AD91160D2C28B9400065A1BF /* Resources */ = {
			isa = PBXResourcesBuildPhase;
			buildActionMask = 2147483647;
			files = (
				AD91161A2C28B9430065A1BF /* Preview Assets.xcassets in Resources */,
				AD9116172C28B9430065A1BF /* Assets.xcassets in Resources */,
			);
			runOnlyForDeploymentPostprocessing = 0;
		};
/* End PBXResourcesBuildPhase section */

/* Begin PBXSourcesBuildPhase section */
		AD91160B2C28B9400065A1BF /* Sources */ = {
			isa = PBXSourcesBuildPhase;
			buildActionMask = 2147483647;
			files = (
				AD66DB322C29C65B000409A1 /* MainIMCView.swift in Sources */,
				AD9116152C28B9400065A1BF /* Exercise1.swift in Sources */,
				AD66DB2F2C29BE89000409A1 /* MenuView.swift in Sources */,
				AD66DB2D2C28CC6C000409A1 /* MainView.swift in Sources */,
				AD8F5EFF2C420E480081202B /* SuperheroSearcher.swift in Sources */,
				AD9116132C28B9400065A1BF /* CursoiOSApp.swift in Sources */,
				AD8F5F012C421A6E0081202B /* ApiNetwork.swift in Sources */,
				ADE367942C31058F00445C69 /* ResultIMCView.swift in Sources */,
				AD9FECB62C3B393000BCB43D /* listExample.swift in Sources */,
			);
			runOnlyForDeploymentPostprocessing = 0;
		};
/* End PBXSourcesBuildPhase section */

/* Begin XCBuildConfiguration section */
		AD91161B2C28B9430065A1BF /* Debug */ = {
			isa = XCBuildConfiguration;
			buildSettings = {
				ALWAYS_SEARCH_USER_PATHS = NO;
				ASSETCATALOG_COMPILER_GENERATE_SWIFT_ASSET_SYMBOL_EXTENSIONS = YES;
				CLANG_ANALYZER_NONNULL = YES;
				CLANG_ANALYZER_NUMBER_OBJECT_CONVERSION = YES_AGGRESSIVE;
				CLANG_CXX_LANGUAGE_STANDARD = "gnu++17";
				CLANG_CXX_LIBRARY = "libc++";
				CLANG_ENABLE_MODULES = YES;
				CLANG_ENABLE_OBJC_ARC = YES;
				CLANG_ENABLE_OBJC_WEAK = YES;
				CLANG_WARN_BLOCK_CAPTURE_AUTORELEASING = YES;
				CLANG_WARN_BOOL_CONVERSION = YES;
				CLANG_WARN_COMMA = YES;
				CLANG_WARN_CONSTANT_CONVERSION = YES;
				CLANG_WARN_DEPRECATED_OBJC_IMPLEMENTATIONS = YES;
				CLANG_WARN_DIRECT_OBJC_ISA_USAGE = YES_ERROR;
				CLANG_WARN_DOCUMENTATION_COMMENTS = YES;
				CLANG_WARN_EMPTY_BODY = YES;
				CLANG_WARN_ENUM_CONVERSION = YES;
				CLANG_WARN_INFINITE_RECURSION = YES;
				CLANG_WARN_INT_CONVERSION = YES;
				CLANG_WARN_NON_LITERAL_NULL_CONVERSION = YES;
				CLANG_WARN_OBJC_IMPLICIT_RETAIN_SELF = YES;
				CLANG_WARN_OBJC_LITERAL_CONVERSION = YES;
				CLANG_WARN_OBJC_ROOT_CLASS = YES_ERROR;
				CLANG_WARN_QUOTED_INCLUDE_IN_FRAMEWORK_HEADER = YES;
				CLANG_WARN_RANGE_LOOP_ANALYSIS = YES;
				CLANG_WARN_STRICT_PROTOTYPES = YES;
				CLANG_WARN_SUSPICIOUS_MOVE = YES;
				CLANG_WARN_UNGUARDED_AVAILABILITY = YES_AGGRESSIVE;
				CLANG_WARN_UNREACHABLE_CODE = YES;
				CLANG_WARN__DUPLICATE_METHOD_MATCH = YES;
				COPY_PHASE_STRIP = NO;
				DEBUG_INFORMATION_FORMAT = dwarf;
				ENABLE_STRICT_OBJC_MSGSEND = YES;
				ENABLE_TESTABILITY = YES;
				ENABLE_USER_SCRIPT_SANDBOXING = YES;
				GCC_C_LANGUAGE_STANDARD = gnu11;
				GCC_DYNAMIC_NO_PIC = NO;
				GCC_NO_COMMON_BLOCKS = YES;
				GCC_OPTIMIZATION_LEVEL = 0;
				GCC_PREPROCESSOR_DEFINITIONS = (
					"DEBUG=1",
					"$(inherited)",
				);
				GCC_WARN_64_TO_32_BIT_CONVERSION = YES;
				GCC_WARN_ABOUT_RETURN_TYPE = YES_ERROR;
				GCC_WARN_UNDECLARED_SELECTOR = YES;
				GCC_WARN_UNINITIALIZED_AUTOS = YES_AGGRESSIVE;
				GCC_WARN_UNUSED_FUNCTION = YES;
				GCC_WARN_UNUSED_VARIABLE = YES;
				IPHONEOS_DEPLOYMENT_TARGET = 16.0;
				MTL_ENABLE_DEBUG_INFO = INCLUDE_SOURCE;
				MTL_FAST_MATH = YES;
				ONLY_ACTIVE_ARCH = YES;
				SDKROOT = iphoneos;
				SWIFT_ACTIVE_COMPILATION_CONDITIONS = DEBUG;
				SWIFT_OPTIMIZATION_LEVEL = "-Onone";
			};
			name = Debug;
		};
		AD91161C2C28B9430065A1BF /* Release */ = {
			isa = XCBuildConfiguration;
			buildSettings = {
				ALWAYS_SEARCH_USER_PATHS = NO;
				ASSETCATALOG_COMPILER_GENERATE_SWIFT_ASSET_SYMBOL_EXTENSIONS = YES;
				CLANG_ANALYZER_NONNULL = YES;
				CLANG_ANALYZER_NUMBER_OBJECT_CONVERSION = YES_AGGRESSIVE;
				CLANG_CXX_LANGUAGE_STANDARD = "gnu++17";
				CLANG_CXX_LIBRARY = "libc++";
				CLANG_ENABLE_MODULES = YES;
				CLANG_ENABLE_OBJC_ARC = YES;
				CLANG_ENABLE_OBJC_WEAK = YES;
				CLANG_WARN_BLOCK_CAPTURE_AUTORELEASING = YES;
				CLANG_WARN_BOOL_CONVERSION = YES;
				CLANG_WARN_COMMA = YES;
				CLANG_WARN_CONSTANT_CONVERSION = YES;
				CLANG_WARN_DEPRECATED_OBJC_IMPLEMENTATIONS = YES;
				CLANG_WARN_DIRECT_OBJC_ISA_USAGE = YES_ERROR;
				CLANG_WARN_DOCUMENTATION_COMMENTS = YES;
				CLANG_WARN_EMPTY_BODY = YES;
				CLANG_WARN_ENUM_CONVERSION = YES;
				CLANG_WARN_INFINITE_RECURSION = YES;
				CLANG_WARN_INT_CONVERSION = YES;
				CLANG_WARN_NON_LITERAL_NULL_CONVERSION = YES;
				CLANG_WARN_OBJC_IMPLICIT_RETAIN_SELF = YES;
				CLANG_WARN_OBJC_LITERAL_CONVERSION = YES;
				CLANG_WARN_OBJC_ROOT_CLASS = YES_ERROR;
				CLANG_WARN_QUOTED_INCLUDE_IN_FRAMEWORK_HEADER = YES;
				CLANG_WARN_RANGE_LOOP_ANALYSIS = YES;
				CLANG_WARN_STRICT_PROTOTYPES = YES;
				CLANG_WARN_SUSPICIOUS_MOVE = YES;
				CLANG_WARN_UNGUARDED_AVAILABILITY = YES_AGGRESSIVE;
				CLANG_WARN_UNREACHABLE_CODE = YES;
				CLANG_WARN__DUPLICATE_METHOD_MATCH = YES;
				COPY_PHASE_STRIP = NO;
				DEBUG_INFORMATION_FORMAT = "dwarf-with-dsym";
				ENABLE_NS_ASSERTIONS = NO;
				ENABLE_STRICT_OBJC_MSGSEND = YES;
				ENABLE_USER_SCRIPT_SANDBOXING = YES;
				GCC_C_LANGUAGE_STANDARD = gnu11;
				GCC_NO_COMMON_BLOCKS = YES;
				GCC_WARN_64_TO_32_BIT_CONVERSION = YES;
				GCC_WARN_ABOUT_RETURN_TYPE = YES_ERROR;
				GCC_WARN_UNDECLARED_SELECTOR = YES;
				GCC_WARN_UNINITIALIZED_AUTOS = YES_AGGRESSIVE;
				GCC_WARN_UNUSED_FUNCTION = YES;
				GCC_WARN_UNUSED_VARIABLE = YES;
				IPHONEOS_DEPLOYMENT_TARGET = 16.0;
				MTL_ENABLE_DEBUG_INFO = NO;
				MTL_FAST_MATH = YES;
				SDKROOT = iphoneos;
				SWIFT_COMPILATION_MODE = wholemodule;
				SWIFT_OPTIMIZATION_LEVEL = "-O";
				VALIDATE_PRODUCT = YES;
			};
			name = Release;
		};
		AD91161E2C28B9430065A1BF /* Debug */ = {
			isa = XCBuildConfiguration;
			buildSettings = {
				ASSETCATALOG_COMPILER_APPICON_NAME = AppIcon;
				ASSETCATALOG_COMPILER_GLOBAL_ACCENT_COLOR_NAME = AccentColor;
				CODE_SIGN_STYLE = Automatic;
				CURRENT_PROJECT_VERSION = 1;
				DEVELOPMENT_ASSET_PATHS = "\"CursoiOS/Preview Content\"";
				ENABLE_PREVIEWS = YES;
				GENERATE_INFOPLIST_FILE = YES;
				INFOPLIST_KEY_UIApplicationSceneManifest_Generation = YES;
				INFOPLIST_KEY_UIApplicationSupportsIndirectInputEvents = YES;
				INFOPLIST_KEY_UILaunchScreen_Generation = YES;
				INFOPLIST_KEY_UISupportedInterfaceOrientations_iPad = "UIInterfaceOrientationPortrait UIInterfaceOrientationPortraitUpsideDown UIInterfaceOrientationLandscapeLeft UIInterfaceOrientationLandscapeRight";
				INFOPLIST_KEY_UISupportedInterfaceOrientations_iPhone = "UIInterfaceOrientationPortrait UIInterfaceOrientationLandscapeLeft UIInterfaceOrientationLandscapeRight";
				LD_RUNPATH_SEARCH_PATHS = (
					"$(inherited)",
					"@executable_path/Frameworks",
				);
				MARKETING_VERSION = 1.0;
				PRODUCT_BUNDLE_IDENTIFIER = com.electrosystem.CursoiOS;
				PRODUCT_NAME = "$(TARGET_NAME)";
				SWIFT_EMIT_LOC_STRINGS = YES;
				SWIFT_VERSION = 5.0;
				TARGETED_DEVICE_FAMILY = "1,2";
			};
			name = Debug;
		};
		AD91161F2C28B9430065A1BF /* Release */ = {
			isa = XCBuildConfiguration;
			buildSettings = {
				ASSETCATALOG_COMPILER_APPICON_NAME = AppIcon;
				ASSETCATALOG_COMPILER_GLOBAL_ACCENT_COLOR_NAME = AccentColor;
				CODE_SIGN_STYLE = Automatic;
				CURRENT_PROJECT_VERSION = 1;
				DEVELOPMENT_ASSET_PATHS = "\"CursoiOS/Preview Content\"";
				ENABLE_PREVIEWS = YES;
				GENERATE_INFOPLIST_FILE = YES;
				INFOPLIST_KEY_UIApplicationSceneManifest_Generation = YES;
				INFOPLIST_KEY_UIApplicationSupportsIndirectInputEvents = YES;
				INFOPLIST_KEY_UILaunchScreen_Generation = YES;
				INFOPLIST_KEY_UISupportedInterfaceOrientations_iPad = "UIInterfaceOrientationPortrait UIInterfaceOrientationPortraitUpsideDown UIInterfaceOrientationLandscapeLeft UIInterfaceOrientationLandscapeRight";
				INFOPLIST_KEY_UISupportedInterfaceOrientations_iPhone = "UIInterfaceOrientationPortrait UIInterfaceOrientationLandscapeLeft UIInterfaceOrientationLandscapeRight";
				LD_RUNPATH_SEARCH_PATHS = (
					"$(inherited)",
					"@executable_path/Frameworks",
				);
				MARKETING_VERSION = 1.0;
				PRODUCT_BUNDLE_IDENTIFIER = com.electrosystem.CursoiOS;
				PRODUCT_NAME = "$(TARGET_NAME)";
				SWIFT_EMIT_LOC_STRINGS = YES;
				SWIFT_VERSION = 5.0;
				TARGETED_DEVICE_FAMILY = "1,2";
			};
			name = Release;
		};
/* End XCBuildConfiguration section */

/* Begin XCConfigurationList section */
		AD91160A2C28B9400065A1BF /* Build configuration list for PBXProject "CursoiOS" */ = {
			isa = XCConfigurationList;
			buildConfigurations = (
				AD91161B2C28B9430065A1BF /* Debug */,
				AD91161C2C28B9430065A1BF /* Release */,
			);
			defaultConfigurationIsVisible = 0;
			defaultConfigurationName = Release;
		};
		AD91161D2C28B9430065A1BF /* Build configuration list for PBXNativeTarget "CursoiOS" */ = {
			isa = XCConfigurationList;
			buildConfigurations = (
				AD91161E2C28B9430065A1BF /* Debug */,
				AD91161F2C28B9430065A1BF /* Release */,
			);
			defaultConfigurationIsVisible = 0;
			defaultConfigurationName = Release;
		};
/* End XCConfigurationList section */

/* Begin XCRemoteSwiftPackageReference section */
		AD8F5F022C42291D0081202B /* XCRemoteSwiftPackageReference "SDWebImageSwiftUI" */ = {
			isa = XCRemoteSwiftPackageReference;
			repositoryURL = "https://github.com/SDWebImage/SDWebImageSwiftUI";
			requirement = {
				kind = upToNextMajorVersion;
				minimumVersion = 3.1.1;
			};
		};
/* End XCRemoteSwiftPackageReference section */

/* Begin XCSwiftPackageProductDependency section */
		AD8F5F032C42291D0081202B /* SDWebImageSwiftUI */ = {
			isa = XCSwiftPackageProductDependency;
			package = AD8F5F022C42291D0081202B /* XCRemoteSwiftPackageReference "SDWebImageSwiftUI" */;
			productName = SDWebImageSwiftUI;
		};
/* End XCSwiftPackageProductDependency section */
	};
	rootObject = AD9116072C28B9400065A1BF /* Project object */;
}
